{
  "name": "census-sdk",
  "version": "0.2.2",
  "lockfileVersion": 1,
  "requires": true,
  "dependencies": {
    "asn1.js": {
      "version": "4.10.1",
      "resolved": "https://registry.npmjs.org/asn1.js/-/asn1.js-4.10.1.tgz",
      "integrity": "sha512-p32cOF5q0Zqs9uBiONKYLm6BClCoBCM5O9JfeUSlnQLBTxYdTK+pW+nXflm8UkKd2UYlEbYz5qEi0JuZR9ckSw==",
      "dev": true,
      "requires": {
        "bn.js": "^4.0.0",
        "inherits": "^2.0.1",
        "minimalistic-assert": "^1.0.0"
      }
    },
    "assert": {
      "version": "1.4.1",
      "resolved": "https://registry.npmjs.org/assert/-/assert-1.4.1.tgz",
      "integrity": "sha1-mZEtWRg2tab1s0XA8H7vwI/GXZE=",
      "dev": true,
      "requires": {
        "util": "0.10.3"
      },
      "dependencies": {
        "util": {
          "version": "0.10.3",
          "resolved": "http://registry.npmjs.org/util/-/util-0.10.3.tgz",
          "integrity": "sha1-evsa/lCAUkZInj23/g7TeTNqwPk=",
          "dev": true,
          "requires": {
            "inherits": "2.0.1"
          }
        }
      }
    },
    "async-limiter": {
      "version": "1.0.0",
      "resolved": "https://registry.npmjs.org/async-limiter/-/async-limiter-1.0.0.tgz",
      "integrity": "sha512-jp/uFnooOiO+L211eZOoSyzpOITMXx1rBITauYykG3BRYPu8h0UcxsPNB04RR5vo4Tyz3+ay17tR6JVf9qzYWg==",
      "dev": true
    },
    "base64-js": {
      "version": "1.3.0",
      "resolved": "https://registry.npmjs.org/base64-js/-/base64-js-1.3.0.tgz",
      "integrity": "sha512-ccav/yGvoa80BQDljCxsmmQ3Xvx60/UpBIij5QN21W3wBi/hhIC9OoO+KLpu9IJTS9j4DRVJ3aDDF9cMSoa2lw==",
      "dev": true
    },
    "bn.js": {
      "version": "4.11.8",
      "resolved": "https://registry.npmjs.org/bn.js/-/bn.js-4.11.8.tgz",
      "integrity": "sha512-ItfYfPLkWHUjckQCk8xC+LwxgK8NYcXywGigJgSwOP8Y2iyWT4f2vsZnoOXTTbo+o5yXmIUJ4gn5538SO5S3gA==",
      "dev": true
    },
    "brorand": {
      "version": "1.1.0",
      "resolved": "https://registry.npmjs.org/brorand/-/brorand-1.1.0.tgz",
      "integrity": "sha1-EsJe/kCkXjwyPrhnWgoM5XsiNx8=",
      "dev": true
    },
    "browserify-aes": {
      "version": "1.2.0",
      "resolved": "http://registry.npmjs.org/browserify-aes/-/browserify-aes-1.2.0.tgz",
      "integrity": "sha512-+7CHXqGuspUn/Sl5aO7Ea0xWGAtETPXNSAjHo48JfLdPWcMng33Xe4znFvQweqc/uzk5zSOI3H52CYnjCfb5hA==",
      "dev": true,
      "requires": {
        "buffer-xor": "^1.0.3",
        "cipher-base": "^1.0.0",
        "create-hash": "^1.1.0",
        "evp_bytestokey": "^1.0.3",
        "inherits": "^2.0.1",
        "safe-buffer": "^5.0.1"
      }
    },
    "browserify-cipher": {
      "version": "1.0.1",
      "resolved": "https://registry.npmjs.org/browserify-cipher/-/browserify-cipher-1.0.1.tgz",
      "integrity": "sha512-sPhkz0ARKbf4rRQt2hTpAHqn47X3llLkUGn+xEJzLjwY8LRs2p0v7ljvI5EyoRO/mexrNunNECisZs+gw2zz1w==",
      "dev": true,
      "requires": {
        "browserify-aes": "^1.0.4",
        "browserify-des": "^1.0.0",
        "evp_bytestokey": "^1.0.0"
      }
    },
    "browserify-des": {
      "version": "1.0.2",
      "resolved": "https://registry.npmjs.org/browserify-des/-/browserify-des-1.0.2.tgz",
      "integrity": "sha512-BioO1xf3hFwz4kc6iBhI3ieDFompMhrMlnDFC4/0/vd5MokpuAc3R+LYbwTA9A5Yc9pq9UYPqffKpW2ObuwX5A==",
      "dev": true,
      "requires": {
        "cipher-base": "^1.0.1",
        "des.js": "^1.0.0",
        "inherits": "^2.0.1",
        "safe-buffer": "^5.1.2"
      }
    },
    "browserify-rsa": {
      "version": "4.0.1",
      "resolved": "http://registry.npmjs.org/browserify-rsa/-/browserify-rsa-4.0.1.tgz",
      "integrity": "sha1-IeCr+vbyApzy+vsTNWenAdQTVSQ=",
      "dev": true,
      "requires": {
        "bn.js": "^4.1.0",
        "randombytes": "^2.0.1"
      }
    },
    "browserify-sign": {
      "version": "4.0.4",
      "resolved": "https://registry.npmjs.org/browserify-sign/-/browserify-sign-4.0.4.tgz",
      "integrity": "sha1-qk62jl17ZYuqa/alfmMMvXqT0pg=",
      "dev": true,
      "requires": {
        "bn.js": "^4.1.1",
        "browserify-rsa": "^4.0.0",
        "create-hash": "^1.1.0",
        "create-hmac": "^1.1.2",
        "elliptic": "^6.0.0",
        "inherits": "^2.0.1",
        "parse-asn1": "^5.0.0"
      }
    },
    "browserify-zlib": {
      "version": "0.2.0",
      "resolved": "https://registry.npmjs.org/browserify-zlib/-/browserify-zlib-0.2.0.tgz",
      "integrity": "sha512-Z942RysHXmJrhqk88FmKBVq/v5tqmSkDz7p54G/MGyjMnCFFnC79XWNbg+Vta8W6Wb2qtSZTSxIGkJrRpCFEiA==",
      "dev": true,
      "requires": {
        "pako": "~1.0.5"
      }
    },
    "buffer": {
      "version": "4.9.1",
      "resolved": "http://registry.npmjs.org/buffer/-/buffer-4.9.1.tgz",
      "integrity": "sha1-bRu2AbB6TvztlwlBMgkwJ8lbwpg=",
      "dev": true,
      "requires": {
        "base64-js": "^1.0.2",
        "ieee754": "^1.1.4",
        "isarray": "^1.0.0"
      }
    },
    "buffer-xor": {
      "version": "1.0.3",
      "resolved": "https://registry.npmjs.org/buffer-xor/-/buffer-xor-1.0.3.tgz",
      "integrity": "sha1-JuYe0UIvtw3ULm42cp7VHYVf6Nk=",
      "dev": true
    },
    "builtin-status-codes": {
      "version": "3.0.0",
      "resolved": "https://registry.npmjs.org/builtin-status-codes/-/builtin-status-codes-3.0.0.tgz",
      "integrity": "sha1-hZgoeOIbmOHGZCXgPQF0eI9Wnug=",
      "dev": true
    },
    "cipher-base": {
      "version": "1.0.4",
      "resolved": "https://registry.npmjs.org/cipher-base/-/cipher-base-1.0.4.tgz",
      "integrity": "sha512-Kkht5ye6ZGmwv40uUDZztayT2ThLQGfnj/T71N/XzeZeo3nf8foyW7zGTsPYkEya3m5f3cAypH+qe7YOrM1U2Q==",
      "dev": true,
      "requires": {
        "inherits": "^2.0.1",
        "safe-buffer": "^5.0.1"
      }
    },
    "console-browserify": {
      "version": "1.1.0",
      "resolved": "https://registry.npmjs.org/console-browserify/-/console-browserify-1.1.0.tgz",
      "integrity": "sha1-8CQcRXMKn8YyOyBtvzjtx0HQuxA=",
      "dev": true,
      "requires": {
        "date-now": "^0.1.4"
      }
    },
    "constants-browserify": {
      "version": "1.0.0",
      "resolved": "https://registry.npmjs.org/constants-browserify/-/constants-browserify-1.0.0.tgz",
      "integrity": "sha1-wguW2MYXdIqvHBYCF2DNJ/y4y3U=",
      "dev": true
    },
    "core-util-is": {
      "version": "1.0.2",
      "resolved": "https://registry.npmjs.org/core-util-is/-/core-util-is-1.0.2.tgz",
      "integrity": "sha1-tf1UIgqivFq1eqtxQMlAdUUDwac=",
      "dev": true
    },
    "create-ecdh": {
      "version": "4.0.3",
      "resolved": "https://registry.npmjs.org/create-ecdh/-/create-ecdh-4.0.3.tgz",
      "integrity": "sha512-GbEHQPMOswGpKXM9kCWVrremUcBmjteUaQ01T9rkKCPDXfUHX0IoP9LpHYo2NPFampa4e+/pFDc3jQdxrxQLaw==",
      "dev": true,
      "requires": {
        "bn.js": "^4.1.0",
        "elliptic": "^6.0.0"
      }
    },
    "create-hash": {
      "version": "1.2.0",
      "resolved": "http://registry.npmjs.org/create-hash/-/create-hash-1.2.0.tgz",
      "integrity": "sha512-z00bCGNHDG8mHAkP7CtT1qVu+bFQUPjYq/4Iv3C3kWjTFV10zIjfSoeqXo9Asws8gwSHDGj/hl2u4OGIjapeCg==",
      "dev": true,
      "requires": {
        "cipher-base": "^1.0.1",
        "inherits": "^2.0.1",
        "md5.js": "^1.3.4",
        "ripemd160": "^2.0.1",
        "sha.js": "^2.4.0"
      }
    },
    "create-hmac": {
      "version": "1.1.7",
      "resolved": "http://registry.npmjs.org/create-hmac/-/create-hmac-1.1.7.tgz",
      "integrity": "sha512-MJG9liiZ+ogc4TzUwuvbER1JRdgvUFSB5+VR/g5h82fGaIRWMWddtKBHi7/sVhfjQZ6SehlyhvQYrcYkaUIpLg==",
      "dev": true,
      "requires": {
        "cipher-base": "^1.0.3",
        "create-hash": "^1.1.0",
        "inherits": "^2.0.1",
        "ripemd160": "^2.0.0",
        "safe-buffer": "^5.0.1",
        "sha.js": "^2.4.8"
      }
    },
    "crypto-browserify": {
      "version": "3.12.0",
      "resolved": "https://registry.npmjs.org/crypto-browserify/-/crypto-browserify-3.12.0.tgz",
      "integrity": "sha512-fz4spIh+znjO2VjL+IdhEpRJ3YN6sMzITSBijk6FK2UvTqruSQW+/cCZTSNsMiZNvUeq0CqurF+dAbyiGOY6Wg==",
      "dev": true,
      "requires": {
        "browserify-cipher": "^1.0.0",
        "browserify-sign": "^4.0.0",
        "create-ecdh": "^4.0.0",
        "create-hash": "^1.1.0",
        "create-hmac": "^1.1.0",
        "diffie-hellman": "^5.0.0",
        "inherits": "^2.0.1",
        "pbkdf2": "^3.0.3",
        "public-encrypt": "^4.0.0",
        "randombytes": "^2.0.0",
        "randomfill": "^1.0.3"
      }
    },
    "date-now": {
      "version": "0.1.4",
      "resolved": "https://registry.npmjs.org/date-now/-/date-now-0.1.4.tgz",
      "integrity": "sha1-6vQ5/U1ISK105cx9vvIAZyueNFs=",
      "dev": true
    },
    "des.js": {
      "version": "1.0.0",
      "resolved": "https://registry.npmjs.org/des.js/-/des.js-1.0.0.tgz",
      "integrity": "sha1-wHTS4qpqipoH29YfmhXCzYPsjsw=",
      "dev": true,
      "requires": {
        "inherits": "^2.0.1",
        "minimalistic-assert": "^1.0.0"
      }
    },
    "diffie-hellman": {
      "version": "5.0.3",
      "resolved": "http://registry.npmjs.org/diffie-hellman/-/diffie-hellman-5.0.3.tgz",
      "integrity": "sha512-kqag/Nl+f3GwyK25fhUMYj81BUOrZ9IuJsjIcDE5icNM9FJHAVm3VcUDxdLPoQtTuUylWm6ZIknYJwwaPxsUzg==",
      "dev": true,
      "requires": {
        "bn.js": "^4.1.0",
        "miller-rabin": "^4.0.0",
        "randombytes": "^2.0.0"
      }
    },
    "domain-browser": {
      "version": "1.2.0",
      "resolved": "https://registry.npmjs.org/domain-browser/-/domain-browser-1.2.0.tgz",
      "integrity": "sha512-jnjyiM6eRyZl2H+W8Q/zLMA481hzi0eszAaBUzIVnmYVDBbnLxVNnfu1HgEBvCbL+71FrxMl3E6lpKH7Ge3OXA==",
      "dev": true
    },
    "dotenv": {
      "version": "5.0.1",
      "resolved": "http://registry.npmjs.org/dotenv/-/dotenv-5.0.1.tgz",
      "integrity": "sha512-4As8uPrjfwb7VXC+WnLCbXK7y+Ueb2B3zgNCePYfhxS1PYeaO1YTeplffTEcbfLhvFNGLAz90VvJs9yomG7bow=="
    },
    "elliptic": {
      "version": "6.4.1",
      "resolved": "https://registry.npmjs.org/elliptic/-/elliptic-6.4.1.tgz",
      "integrity": "sha512-BsXLz5sqX8OHcsh7CqBMztyXARmGQ3LWPtGjJi6DiJHq5C/qvi9P3OqgswKSDftbu8+IoI/QDTAm2fFnQ9SZSQ==",
      "dev": true,
      "requires": {
        "bn.js": "^4.4.0",
        "brorand": "^1.0.1",
        "hash.js": "^1.0.0",
        "hmac-drbg": "^1.0.0",
        "inherits": "^2.0.1",
        "minimalistic-assert": "^1.0.0",
        "minimalistic-crypto-utils": "^1.0.0"
      }
    },
    "events": {
      "version": "1.1.1",
      "resolved": "http://registry.npmjs.org/events/-/events-1.1.1.tgz",
      "integrity": "sha1-nr23Y1rQmccNzEwqH1AEKI6L2SQ=",
      "dev": true
    },
    "evp_bytestokey": {
      "version": "1.0.3",
      "resolved": "https://registry.npmjs.org/evp_bytestokey/-/evp_bytestokey-1.0.3.tgz",
      "integrity": "sha512-/f2Go4TognH/KvCISP7OUsHn85hT9nUkxxA9BEWxFn+Oj9o8ZNLm/40hdlgSLyuOimsrTKLUMEorQexp/aPQeA==",
      "dev": true,
      "requires": {
        "md5.js": "^1.3.4",
        "safe-buffer": "^5.1.1"
      }
    },
    "hash-base": {
      "version": "3.0.4",
      "resolved": "https://registry.npmjs.org/hash-base/-/hash-base-3.0.4.tgz",
      "integrity": "sha1-X8hoaEfs1zSZQDMZprCj8/auSRg=",
      "dev": true,
      "requires": {
        "inherits": "^2.0.1",
        "safe-buffer": "^5.0.1"
      }
    },
    "hash.js": {
      "version": "1.1.5",
      "resolved": "https://registry.npmjs.org/hash.js/-/hash.js-1.1.5.tgz",
      "integrity": "sha512-eWI5HG9Np+eHV1KQhisXWwM+4EPPYe5dFX1UZZH7k/E3JzDEazVH+VGlZi6R94ZqImq+A3D1mCEtrFIfg/E7sA==",
      "dev": true,
      "requires": {
        "inherits": "^2.0.3",
        "minimalistic-assert": "^1.0.1"
      },
      "dependencies": {
        "inherits": {
          "version": "2.0.3",
          "resolved": "https://registry.npmjs.org/inherits/-/inherits-2.0.3.tgz",
          "integrity": "sha1-Yzwsg+PaQqUC9SRmAiSA9CCCYd4=",
          "dev": true
        }
      }
    },
    "hmac-drbg": {
      "version": "1.0.1",
      "resolved": "https://registry.npmjs.org/hmac-drbg/-/hmac-drbg-1.0.1.tgz",
      "integrity": "sha1-0nRXAQJabHdabFRXk+1QL8DGSaE=",
      "dev": true,
      "requires": {
        "hash.js": "^1.0.3",
        "minimalistic-assert": "^1.0.0",
        "minimalistic-crypto-utils": "^1.0.1"
      }
    },
    "https-browserify": {
      "version": "1.0.0",
      "resolved": "https://registry.npmjs.org/https-browserify/-/https-browserify-1.0.0.tgz",
      "integrity": "sha1-7AbBDgo0wPL68Zn3/X/Hj//QPHM=",
      "dev": true
    },
    "iconv-lite": {
      "version": "0.4.24",
      "resolved": "https://registry.npmjs.org/iconv-lite/-/iconv-lite-0.4.24.tgz",
      "integrity": "sha512-v3MXnZAcvnywkTUEZomIActle7RXXeedOR31wwl7VlyoXO4Qi9arvSenNQWne1TcRwhCL1HwLI21bEqdpj8/rA==",
      "requires": {
        "safer-buffer": ">= 2.1.2 < 3"
      }
    },
    "ieee754": {
      "version": "1.1.12",
      "resolved": "https://registry.npmjs.org/ieee754/-/ieee754-1.1.12.tgz",
      "integrity": "sha512-GguP+DRY+pJ3soyIiGPTvdiVXjZ+DbXOxGpXn3eMvNW4x4irjqXm4wHKscC+TfxSJ0yw/S1F24tqdMNsMZTiLA==",
      "dev": true
    },
    "immediate": {
      "version": "3.0.6",
      "resolved": "https://registry.npmjs.org/immediate/-/immediate-3.0.6.tgz",
      "integrity": "sha1-nbHb0Pr43m++D13V5Wu2BigN5ps="
    },
    "indexof": {
      "version": "0.0.1",
      "resolved": "https://registry.npmjs.org/indexof/-/indexof-0.0.1.tgz",
      "integrity": "sha1-gtwzbSMrkGIXnQWrMpOmYFn9Q10=",
      "dev": true
    },
    "inherits": {
      "version": "2.0.1",
      "resolved": "https://registry.npmjs.org/inherits/-/inherits-2.0.1.tgz",
      "integrity": "sha1-sX0I0ya0Qj5Wjv9xn5GwscvfafE=",
      "dev": true
    },
    "isarray": {
      "version": "1.0.0",
      "resolved": "https://registry.npmjs.org/isarray/-/isarray-1.0.0.tgz",
      "integrity": "sha1-u5NdSFgsuhaMBoNJV6VKPgcSTxE=",
      "dev": true
    },
    "isexe": {
      "version": "2.0.0",
      "resolved": "https://registry.npmjs.org/isexe/-/isexe-2.0.0.tgz",
      "integrity": "sha1-6PvzdNxVb/iUehDcsFctYz8s+hA=",
      "dev": true
    },
    "jszip": {
      "version": "2.6.1",
      "resolved": "https://registry.npmjs.org/jszip/-/jszip-2.6.1.tgz",
      "integrity": "sha1-uI86ey5noqBIFSmCx6N1bZxIKPA=",
      "requires": {
        "pako": "~1.0.2"
      }
    },
    "lie": {
      "version": "3.3.0",
      "resolved": "https://registry.npmjs.org/lie/-/lie-3.3.0.tgz",
      "integrity": "sha512-UaiMJzeWRlEujzAuw5LokY1L5ecNQYZKfmyZ9L7wDHb/p5etKaxXhohBcrw0EYby+G/NA52vRSN4N39dxHAIwQ==",
      "requires": {
        "immediate": "~3.0.5"
      }
    },
    "lru-cache": {
      "version": "2.7.3",
      "resolved": "https://registry.npmjs.org/lru-cache/-/lru-cache-2.7.3.tgz",
      "integrity": "sha1-bUUk6LlV+V1PW1iFHOId1y+06VI="
    },
    "md5.js": {
      "version": "1.3.5",
      "resolved": "https://registry.npmjs.org/md5.js/-/md5.js-1.3.5.tgz",
      "integrity": "sha512-xitP+WxNPcTTOgnTJcrhM0xvdPepipPSf3I8EIpGKeFLjt3PlJLIDG3u8EX53ZIubkb+5U2+3rELYpEhHhzdkg==",
      "dev": true,
      "requires": {
        "hash-base": "^3.0.0",
        "inherits": "^2.0.1",
        "safe-buffer": "^5.1.2"
      }
    },
    "mgrs": {
      "version": "1.0.0",
      "resolved": "https://registry.npmjs.org/mgrs/-/mgrs-1.0.0.tgz",
      "integrity": "sha1-+5FYjnjJACVnI5XLQLJffNatGCk="
    },
    "miller-rabin": {
      "version": "4.0.1",
      "resolved": "https://registry.npmjs.org/miller-rabin/-/miller-rabin-4.0.1.tgz",
      "integrity": "sha512-115fLhvZVqWwHPbClyntxEVfVDfl9DLLTuJvq3g2O/Oxi8AiNouAHvDSzHS0viUJc+V5vm3eq91Xwqn9dp4jRA==",
      "dev": true,
      "requires": {
        "bn.js": "^4.0.0",
        "brorand": "^1.0.1"
      }
    },
    "minimalistic-assert": {
      "version": "1.0.1",
      "resolved": "https://registry.npmjs.org/minimalistic-assert/-/minimalistic-assert-1.0.1.tgz",
      "integrity": "sha512-UtJcAD4yEaGtjPezWuO9wC4nwUnVH/8/Im3yEHQP4b67cXlD/Qr9hdITCU1xDbSEXg2XKNaP8jsReV7vQd00/A==",
      "dev": true
    },
    "minimalistic-crypto-utils": {
      "version": "1.0.1",
      "resolved": "https://registry.npmjs.org/minimalistic-crypto-utils/-/minimalistic-crypto-utils-1.0.1.tgz",
      "integrity": "sha1-9sAMHAsIIkblxNmd+4x8CDsrWCo=",
      "dev": true
    },
    "minimist": {
      "version": "0.0.8",
      "resolved": "http://registry.npmjs.org/minimist/-/minimist-0.0.8.tgz",
      "integrity": "sha1-hX/Kv8M5fSYluCKCYuhqp6ARsF0="
    },
    "mkdirp": {
      "version": "0.5.1",
      "resolved": "http://registry.npmjs.org/mkdirp/-/mkdirp-0.5.1.tgz",
      "integrity": "sha1-MAV0OOrGz3+MR2fzhkjWaX11yQM=",
      "requires": {
        "minimist": "0.0.8"
      }
    },
    "node-libs-browser": {
      "version": "2.1.0",
      "resolved": "https://registry.npmjs.org/node-libs-browser/-/node-libs-browser-2.1.0.tgz",
      "integrity": "sha512-5AzFzdoIMb89hBGMZglEegffzgRg+ZFoUmisQ8HI4j1KDdpx13J0taNp2y9xPbur6W61gepGDDotGBVQ7mfUCg==",
      "dev": true,
      "requires": {
        "assert": "^1.1.1",
        "browserify-zlib": "^0.2.0",
        "buffer": "^4.3.0",
        "console-browserify": "^1.1.0",
        "constants-browserify": "^1.0.0",
        "crypto-browserify": "^3.11.0",
        "domain-browser": "^1.1.1",
        "events": "^1.0.0",
        "https-browserify": "^1.0.0",
        "os-browserify": "^0.3.0",
        "path-browserify": "0.0.0",
        "process": "^0.11.10",
        "punycode": "^1.2.4",
        "querystring-es3": "^0.2.0",
        "readable-stream": "^2.3.3",
        "stream-browserify": "^2.0.1",
        "stream-http": "^2.7.2",
        "string_decoder": "^1.0.0",
        "timers-browserify": "^2.0.4",
        "tty-browserify": "0.0.0",
        "url": "^0.11.0",
        "util": "^0.10.3",
        "vm-browserify": "0.0.4"
      }
    },
    "object-assign": {
      "version": "4.1.1",
      "resolved": "https://registry.npmjs.org/object-assign/-/object-assign-4.1.1.tgz",
      "integrity": "sha1-IQmtx5ZYh8/AXLvUQsrIv7s2CGM="
    },
    "os-browserify": {
      "version": "0.3.0",
      "resolved": "https://registry.npmjs.org/os-browserify/-/os-browserify-0.3.0.tgz",
      "integrity": "sha1-hUNzx/XCMVkU/Jv8a9gjj92h7Cc=",
      "dev": true
    },
    "pako": {
      "version": "1.0.6",
      "resolved": "https://registry.npmjs.org/pako/-/pako-1.0.6.tgz",
      "integrity": "sha512-lQe48YPsMJAig+yngZ87Lus+NF+3mtu7DVOBu6b/gHO1YpKwIj5AWjZ/TOS7i46HD/UixzWb1zeWDZfGZ3iYcg=="
    },
    "parse-asn1": {
      "version": "5.1.1",
      "resolved": "http://registry.npmjs.org/parse-asn1/-/parse-asn1-5.1.1.tgz",
      "integrity": "sha512-KPx7flKXg775zZpnp9SxJlz00gTd4BmJ2yJufSc44gMCRrRQ7NSzAcSJQfifuOLgW6bEi+ftrALtsgALeB2Adw==",
      "dev": true,
      "requires": {
        "asn1.js": "^4.0.0",
        "browserify-aes": "^1.0.0",
        "create-hash": "^1.1.0",
        "evp_bytestokey": "^1.0.0",
        "pbkdf2": "^3.0.3"
      }
    },
    "parsedbf": {
      "version": "1.0.0",
      "resolved": "https://registry.npmjs.org/parsedbf/-/parsedbf-1.0.0.tgz",
      "integrity": "sha512-qm8G6BPAL8yesN4UP4cNq1rxI5g5OyQNwS/SiLvjVT87PZ+9sbRdIANqH8kPKWvIiDbFM2V3C0xUuh/jvUqRdQ==",
      "requires": {
        "iconv-lite": "^0.4.15",
        "text-encoding-polyfill": "^0.6.7"
      }
    },
    "path-browserify": {
      "version": "0.0.0",
      "resolved": "https://registry.npmjs.org/path-browserify/-/path-browserify-0.0.0.tgz",
      "integrity": "sha1-oLhwcpquIUAFt9UDLsLLuw+0RRo=",
      "dev": true
    },
    "pbkdf2": {
      "version": "3.0.17",
      "resolved": "https://registry.npmjs.org/pbkdf2/-/pbkdf2-3.0.17.tgz",
      "integrity": "sha512-U/il5MsrZp7mGg3mSQfn742na2T+1/vHDCG5/iTI3X9MKUuYUZVLQhyRsg06mCgDBTd57TxzgZt7P+fYfjRLtA==",
      "dev": true,
      "requires": {
        "create-hash": "^1.1.2",
        "create-hmac": "^1.1.4",
        "ripemd160": "^2.0.1",
        "safe-buffer": "^5.0.1",
        "sha.js": "^2.4.8"
      }
    },
    "process": {
      "version": "0.11.10",
      "resolved": "https://registry.npmjs.org/process/-/process-0.11.10.tgz",
      "integrity": "sha1-czIwDoQBYb2j5podHZGn1LwW8YI=",
      "dev": true
    },
    "process-nextick-args": {
      "version": "2.0.0",
      "resolved": "https://registry.npmjs.org/process-nextick-args/-/process-nextick-args-2.0.0.tgz",
      "integrity": "sha512-MtEC1TqN0EU5nephaJ4rAtThHtC86dNN9qCuEhtshvpVBkAW5ZO7BASN9REnF9eoXGcRub+pFuKEpOHE+HbEMw==",
      "dev": true
    },
    "proj4": {
      "version": "2.5.0",
      "resolved": "https://registry.npmjs.org/proj4/-/proj4-2.5.0.tgz",
      "integrity": "sha512-XZTRT7OPdLzgvtTqL8DG2cEj8lYdovztOwiwpwRSYayOty5Ipf3H68dh/fiL+HKDEyetmQSMhkkMGiJoyziz3w==",
      "requires": {
        "mgrs": "1.0.0",
        "wkt-parser": "^1.2.0"
      }
    },
    "public-encrypt": {
      "version": "4.0.3",
      "resolved": "https://registry.npmjs.org/public-encrypt/-/public-encrypt-4.0.3.tgz",
      "integrity": "sha512-zVpa8oKZSz5bTMTFClc1fQOnyyEzpl5ozpi1B5YcvBrdohMjH2rfsBtyXcuNuwjsDIXmBYlF2N5FlJYhR29t8Q==",
      "dev": true,
      "requires": {
        "bn.js": "^4.1.0",
        "browserify-rsa": "^4.0.0",
        "create-hash": "^1.1.0",
        "parse-asn1": "^5.0.0",
        "randombytes": "^2.0.1",
        "safe-buffer": "^5.1.2"
      }
    },
    "punycode": {
      "version": "1.4.1",
      "resolved": "https://registry.npmjs.org/punycode/-/punycode-1.4.1.tgz",
      "integrity": "sha1-wNWmOycYgArY4esPpSachN1BhF4=",
      "dev": true
    },
    "querystring": {
      "version": "0.2.0",
      "resolved": "https://registry.npmjs.org/querystring/-/querystring-0.2.0.tgz",
      "integrity": "sha1-sgmEkgO7Jd+CDadW50cAWHhSFiA=",
      "dev": true
    },
    "querystring-es3": {
      "version": "0.2.1",
      "resolved": "https://registry.npmjs.org/querystring-es3/-/querystring-es3-0.2.1.tgz",
      "integrity": "sha1-nsYfeQSYdXB9aUFFlv2Qek1xHnM=",
      "dev": true
    },
    "randombytes": {
      "version": "2.0.6",
      "resolved": "https://registry.npmjs.org/randombytes/-/randombytes-2.0.6.tgz",
      "integrity": "sha512-CIQ5OFxf4Jou6uOKe9t1AOgqpeU5fd70A8NPdHSGeYXqXsPe6peOwI0cUl88RWZ6sP1vPMV3avd/R6cZ5/sP1A==",
      "dev": true,
      "requires": {
        "safe-buffer": "^5.1.0"
      }
    },
    "randomfill": {
      "version": "1.0.4",
      "resolved": "https://registry.npmjs.org/randomfill/-/randomfill-1.0.4.tgz",
      "integrity": "sha512-87lcbR8+MhcWcUiQ+9e+Rwx8MyR2P7qnt15ynUlbm3TU/fjbgz4GsvfSUDTemtCCtVCqb4ZcEFlyPNTh9bBTLw==",
      "dev": true,
      "requires": {
        "randombytes": "^2.0.5",
        "safe-buffer": "^5.1.0"
      }
    },
    "readable-stream": {
      "version": "2.3.6",
      "resolved": "http://registry.npmjs.org/readable-stream/-/readable-stream-2.3.6.tgz",
      "integrity": "sha512-tQtKA9WIAhBF3+VLAseyMqZeBjW0AHJoxOtYqSUZNJxauErmLbVm2FW1y+J/YA9dUrAC39ITejlZWhVIwawkKw==",
      "dev": true,
      "requires": {
        "core-util-is": "~1.0.0",
        "inherits": "~2.0.3",
        "isarray": "~1.0.0",
        "process-nextick-args": "~2.0.0",
        "safe-buffer": "~5.1.1",
        "string_decoder": "~1.1.1",
        "util-deprecate": "~1.0.1"
      },
      "dependencies": {
        "inherits": {
          "version": "2.0.3",
          "resolved": "https://registry.npmjs.org/inherits/-/inherits-2.0.3.tgz",
          "integrity": "sha1-Yzwsg+PaQqUC9SRmAiSA9CCCYd4=",
          "dev": true
        }
      }
    },
    "readline-sync": {
      "version": "1.4.9",
      "resolved": "https://registry.npmjs.org/readline-sync/-/readline-sync-1.4.9.tgz",
      "integrity": "sha1-PtqOZfI80qF+YTAbHwADOWr17No=",
      "dev": true
    },
    "ripemd160": {
      "version": "2.0.2",
      "resolved": "https://registry.npmjs.org/ripemd160/-/ripemd160-2.0.2.tgz",
      "integrity": "sha512-ii4iagi25WusVoiC4B4lq7pbXfAp3D9v5CwfkY33vffw2+pkDjY1D8GaN7spsxvCSx8dkPqOZCEZyfxcmJG2IA==",
      "dev": true,
      "requires": {
        "hash-base": "^3.0.0",
        "inherits": "^2.0.1"
      }
    },
    "safe-buffer": {
      "version": "5.1.2",
      "resolved": "https://registry.npmjs.org/safe-buffer/-/safe-buffer-5.1.2.tgz",
      "integrity": "sha512-Gd2UZBJDkXlY7GbJxfsE8/nvKkUEU1G38c1siN6QP6a9PT9MmHB8GnpscSmMJSoF8LOIrt8ud/wPtojys4G6+g==",
      "dev": true
    },
    "safer-buffer": {
      "version": "2.1.2",
      "resolved": "https://registry.npmjs.org/safer-buffer/-/safer-buffer-2.1.2.tgz",
      "integrity": "sha512-YZo3K82SD7Riyi0E1EQPojLz7kpepnSQI9IyPbHHg1XXXevb5dJI7tpyN2ADxGcQbHG7vcyRHk0cbwqcQriUtg=="
    },
    "setimmediate": {
      "version": "1.0.5",
      "resolved": "https://registry.npmjs.org/setimmediate/-/setimmediate-1.0.5.tgz",
      "integrity": "sha1-KQy7Iy4waULX1+qbg3Mqt4VvgoU=",
      "dev": true
    },
    "sha.js": {
      "version": "2.4.11",
      "resolved": "http://registry.npmjs.org/sha.js/-/sha.js-2.4.11.tgz",
      "integrity": "sha512-QMEp5B7cftE7APOjk5Y6xgrbWu+WkLVQwk8JNjZ8nKRciZaByEW6MubieAiToS7+dwvrjGhH8jRXz3MVd0AYqQ==",
      "dev": true,
      "requires": {
        "inherits": "^2.0.1",
        "safe-buffer": "^5.0.1"
      }
    },
    "shadow-cljs": {
      "version": "2.7.2",
      "resolved": "https://registry.npmjs.org/shadow-cljs/-/shadow-cljs-2.7.2.tgz",
      "integrity": "sha512-eYnwFrVuhOYh/4aTidwcVzH95afsSJbGdgNuk2WvDL1zsBzQipEUOsIkEVKgEjhrqOkUcOI+GtJqJ4JyxYJdEA==",
      "dev": true,
      "requires": {
        "mkdirp": "^0.5.1",
        "node-libs-browser": "^2.0.0",
        "readline-sync": "^1.4.7",
        "shadow-cljs-jar": "1.3.0",
        "source-map-support": "^0.4.15",
        "which": "^1.3.1",
        "ws": "^3.0.0"
      }
    },
    "shadow-cljs-jar": {
      "version": "1.3.0",
      "resolved": "https://registry.npmjs.org/shadow-cljs-jar/-/shadow-cljs-jar-1.3.0.tgz",
      "integrity": "sha512-KReNVgFVM2ZPPGCP8rsCPqtlee/+SwXyoeEqbAXBO7jlpoNnNee2x4fiRg/Pr/vXGEkV/Ez5l4qdNSU1Na+1Jg==",
      "dev": true
    },
    "shpjs": {
      "version": "3.4.2",
      "resolved": "https://registry.npmjs.org/shpjs/-/shpjs-3.4.2.tgz",
      "integrity": "sha512-vFv4xUDfoMPcDrdrfpdFtVdo1OPW+PB+t240Htg2VJSlKs4vkN/ZfOweGpULnheTmedR1Q0EBaEp4tA6HuuBXQ==",
      "requires": {
        "jszip": "^2.4.0",
        "lie": "^3.0.1",
        "lru-cache": "^2.7.0",
        "parsedbf": "^1.0.0",
        "proj4": "^2.1.4"
      }
    },
    "source-map": {
      "version": "0.5.7",
      "resolved": "https://registry.npmjs.org/source-map/-/source-map-0.5.7.tgz",
      "integrity": "sha1-igOdLRAh0i0eoUyA2OpGi6LvP8w=",
      "dev": true
    },
    "source-map-support": {
      "version": "0.4.18",
      "resolved": "https://registry.npmjs.org/source-map-support/-/source-map-support-0.4.18.tgz",
      "integrity": "sha512-try0/JqxPLF9nOjvSta7tVondkP5dwgyLDjVoyMDlmjugT2lRZ1OfsrYTkCd2hkDnJTKRbO/Rl3orm8vlsUzbA==",
      "dev": true,
      "requires": {
        "source-map": "^0.5.6"
      }
    },
    "stream-browserify": {
      "version": "2.0.1",
      "resolved": "https://registry.npmjs.org/stream-browserify/-/stream-browserify-2.0.1.tgz",
      "integrity": "sha1-ZiZu5fm9uZQKTkUUyvtDu3Hlyds=",
      "dev": true,
      "requires": {
        "inherits": "~2.0.1",
        "readable-stream": "^2.0.2"
      }
    },
    "stream-http": {
      "version": "2.8.3",
      "resolved": "https://registry.npmjs.org/stream-http/-/stream-http-2.8.3.tgz",
      "integrity": "sha512-+TSkfINHDo4J+ZobQLWiMouQYB+UVYFttRA94FpEzzJ7ZdqcL4uUUQ7WkdkI4DSozGmgBUE/a47L+38PenXhUw==",
      "dev": true,
      "requires": {
        "builtin-status-codes": "^3.0.0",
        "inherits": "^2.0.1",
        "readable-stream": "^2.3.6",
        "to-arraybuffer": "^1.0.0",
        "xtend": "^4.0.0"
      }
    },
    "string_decoder": {
      "version": "1.1.1",
      "resolved": "https://registry.npmjs.org/string_decoder/-/string_decoder-1.1.1.tgz",
      "integrity": "sha512-n/ShnvDi6FHbbVfviro+WojiFzv+s8MPMHBczVePfUpDJLwoLT0ht1l4YwBCbi8pJAveEEdnkHyPyTP/mzRfwg==",
      "dev": true,
      "requires": {
        "safe-buffer": "~5.1.0"
      }
    },
    "text-encoding-polyfill": {
      "version": "0.6.7",
      "resolved": "https://registry.npmjs.org/text-encoding-polyfill/-/text-encoding-polyfill-0.6.7.tgz",
      "integrity": "sha512-/DZ1XJqhbqRkCop6s9ZFu8JrFRwmVuHg4quIRm+ziFkR3N3ec6ck6yBvJ1GYeEQZhLVwRW0rZE+C3SSJpy0RTg=="
    },
    "timers-browserify": {
      "version": "2.0.10",
      "resolved": "https://registry.npmjs.org/timers-browserify/-/timers-browserify-2.0.10.tgz",
      "integrity": "sha512-YvC1SV1XdOUaL6gx5CoGroT3Gu49pK9+TZ38ErPldOWW4j49GI1HKs9DV+KGq/w6y+LZ72W1c8cKz2vzY+qpzg==",
      "dev": true,
      "requires": {
        "setimmediate": "^1.0.4"
      }
    },
    "to-arraybuffer": {
      "version": "1.0.1",
      "resolved": "https://registry.npmjs.org/to-arraybuffer/-/to-arraybuffer-1.0.1.tgz",
      "integrity": "sha1-fSKbH8xjfkZsoIEYCDanqr/4P0M=",
      "dev": true
    },
    "tty-browserify": {
      "version": "0.0.0",
      "resolved": "https://registry.npmjs.org/tty-browserify/-/tty-browserify-0.0.0.tgz",
      "integrity": "sha1-oVe6QC2iTpv5V/mqadUk7tQpAaY=",
      "dev": true
    },
    "ultron": {
      "version": "1.1.1",
      "resolved": "https://registry.npmjs.org/ultron/-/ultron-1.1.1.tgz",
      "integrity": "sha512-UIEXBNeYmKptWH6z8ZnqTeS8fV74zG0/eRU9VGkpzz+LIJNs8W/zM/L+7ctCkRrgbNnnR0xxw4bKOr0cW0N0Og==",
      "dev": true
    },
    "url": {
      "version": "0.11.0",
      "resolved": "https://registry.npmjs.org/url/-/url-0.11.0.tgz",
      "integrity": "sha1-ODjpfPxgUh63PFJajlW/3Z4uKPE=",
      "dev": true,
      "requires": {
        "punycode": "1.3.2",
        "querystring": "0.2.0"
      },
      "dependencies": {
        "punycode": {
          "version": "1.3.2",
          "resolved": "https://registry.npmjs.org/punycode/-/punycode-1.3.2.tgz",
          "integrity": "sha1-llOgNvt8HuQjQvIyXM7v6jkmxI0=",
          "dev": true
        }
      }
    },
    "util": {
      "version": "0.10.4",
      "resolved": "https://registry.npmjs.org/util/-/util-0.10.4.tgz",
      "integrity": "sha512-0Pm9hTQ3se5ll1XihRic3FDIku70C+iHUdT/W926rSgHV5QgXsYbKZN8MSC3tJtSkhuROzvsQjAaFENRXr+19A==",
      "dev": true,
      "requires": {
        "inherits": "2.0.3"
      },
      "dependencies": {
        "inherits": {
          "version": "2.0.3",
          "resolved": "https://registry.npmjs.org/inherits/-/inherits-2.0.3.tgz",
          "integrity": "sha1-Yzwsg+PaQqUC9SRmAiSA9CCCYd4=",
          "dev": true
        }
      }
    },
    "util-deprecate": {
      "version": "1.0.2",
      "resolved": "https://registry.npmjs.org/util-deprecate/-/util-deprecate-1.0.2.tgz",
      "integrity": "sha1-RQ1Nyfpw3nMnYvvS1KKJgUGaDM8=",
      "dev": true
    },
    "vm-browserify": {
      "version": "0.0.4",
      "resolved": "https://registry.npmjs.org/vm-browserify/-/vm-browserify-0.0.4.tgz",
      "integrity": "sha1-XX6kW7755Kb/ZflUOOCofDV9WnM=",
      "dev": true,
      "requires": {
        "indexof": "0.0.1"
      }
    },
    "which": {
      "version": "1.3.1",
      "resolved": "https://registry.npmjs.org/which/-/which-1.3.1.tgz",
      "integrity": "sha512-HxJdYWq1MTIQbJ3nw0cqssHoTNU267KlrDuGZ1WYlxDStUtKUhOaJmh112/TZmHxxUfuJqPXSOm7tDyas0OSIQ==",
      "dev": true,
      "requires": {
        "isexe": "^2.0.0"
      }
    },
    "wkt-parser": {
      "version": "1.2.3",
      "resolved": "https://registry.npmjs.org/wkt-parser/-/wkt-parser-1.2.3.tgz",
      "integrity": "sha512-s7zrOedGuHbbzMaQOuf8HacuCYp3LmmrHjkkN//7UEAzsYz7xJ6J+j/84ZWZkQcrRqi3xXyuc4odPHj7PEB0bw=="
    },
    "workerpool": {
      "version": "2.3.3",
      "resolved": "https://registry.npmjs.org/workerpool/-/workerpool-2.3.3.tgz",
      "integrity": "sha512-L1ovlYHp6UObYqElXXpbd214GgbEKDED0d3sj7pRdFXjNkb2+un/AUcCkceHizO0IVI6SOGGncrcjozruCkRgA==",
      "requires": {
        "object-assign": "4.1.1"
      }
    },
    "ws": {
      "version": "3.3.3",
      "resolved": "https://registry.npmjs.org/ws/-/ws-3.3.3.tgz",
      "integrity": "sha512-nnWLa/NwZSt4KQJu51MYlCcSQ5g7INpOrOMt4XV8j4dqTXdmlUmSHQ8/oLC069ckre0fRsgfvsKwbTdtKLCDkA==",
      "dev": true,
      "requires": {
        "async-limiter": "~1.0.0",
        "safe-buffer": "~5.1.0",
        "ultron": "~1.1.0"
      }
    },
    "xmlhttprequest": {
      "version": "1.8.0",
      "resolved": "https://registry.npmjs.org/xmlhttprequest/-/xmlhttprequest-1.8.0.tgz",
      "integrity": "sha1-Z/4HXFwk/vOfnWX197f+dRcZaPw="
    },
    "xregexp": {
      "version": "4.2.0",
      "resolved": "https://registry.npmjs.org/xregexp/-/xregexp-4.2.0.tgz",
      "integrity": "sha512-IyMa7SVe9FyT4WbQVW3b95mTLVceHhLEezQ02+QMvmIqDnKTxk0MLWIQPSW2MXAr1zQb+9yvwYhcyQULneh3wA=="
    },
    "xtend": {
      "version": "4.0.1",
      "resolved": "https://registry.npmjs.org/xtend/-/xtend-4.0.1.tgz",
      "integrity": "sha1-pcbVMr5lbiPbgg77lDofBJmNY68=",
      "dev": true
    }
  }
}
